PODS:
  - Longinus (1.1.3):
    - Longinus/General (= 1.1.3)
  - Longinus/Cache (1.1.3):
    - Longinus/Utility
  - Longinus/General (1.1.3):
    - Longinus/Networking
  - Longinus/ImageCode (1.1.3):
    - Longinus/Utility
  - Longinus/Networking (1.1.3):
    - Longinus/Cache
    - Longinus/ImageCode
  - Longinus/SwiftUI (1.1.3):
    - Longinus/General
  - Longinus/Utility (1.1.3)

DEPENDENCIES:
  - Longinus (from `../`)
  - Longinus/SwiftUI (from `../`)

EXTERNAL SOURCES:
  Longinus:
    :path: "../"

SPEC CHECKSUMS:
  Longinus: 0ac48bd8e53d16df8f28635dd87d50c7c60684fa

PODFILE CHECKSUM: f85a6f2edaf35b56697cd155770c6acd19914d5b

COCOAPODS: 1.10.0.beta.1
