PODS:
  - Longinus (1.1.9):
    - Longinus/General (= 1.1.9)
  - Longinus/Cache (1.1.9):
    - Longinus/Utility
  - Longinus/General (1.1.9):
    - Longinus/Networking
  - Longinus/ImageCode (1.1.9):
    - Longinus/Utility
  - Longinus/Networking (1.1.9):
    - Longinus/Cache
    - Longinus/ImageCode
  - Longinus/SwiftUI (1.1.9):
    - Longinus/General
  - Longinus/Utility (1.1.9)

DEPENDENCIES:
  - Longinus (from `../`)
  - Longinus/SwiftUI (from `../`)

EXTERNAL SOURCES:
  Longinus:
    :path: "../"

SPEC CHECKSUMS:
  Longinus: d102f6cd0169a8b9ea9a858cd23f26f0d0063b34

PODFILE CHECKSUM: f85a6f2edaf35b56697cd155770c6acd19914d5b

COCOAPODS: 1.10.0.beta.1
