PODS:
  - Longinus (1.0.6):
    - Longinus/General (= 1.0.6)
  - Longinus/Cache (1.0.6):
    - Longinus/Utility
  - Longinus/General (1.0.6):
    - Longinus/Cache
    - Longinus/ImageCode
    - Longinus/Networking
    - Longinus/Utility
  - Longinus/ImageCode (1.0.6):
    - Longinus/Utility
  - Longinus/Networking (1.0.6):
    - Longinus/Cache
    - Longinus/ImageCode
  - Longinus/SwiftUI (1.0.6):
    - Longinus/General
  - Longinus/Utility (1.0.6)

DEPENDENCIES:
  - Longinus (from `../`)
  - Longinus/SwiftUI (from `../`)

EXTERNAL SOURCES:
  Longinus:
    :path: "../"

SPEC CHECKSUMS:
  Longinus: a3850e4d03a14e928dc0e3ab091af2393a08f5dc

PODFILE CHECKSUM: 32aaefa4fa3cd2fb5f416220e772e2da02213548

COCOAPODS: 1.10.0.beta.1
